
Microsoft Visual Studio Solution File, Format Version 12.00
# Visual Studio Version 16
VisualStudioVersion = 25.0.1706.14
MinimumVisualStudioVersion = 10.0.40219.1
Project("{FAE04EC0-301F-11D3-BF4B-00C04F79EFBC}") = "BookManagerFinal", "BookManagerFinal\BookManagerFinal.csproj", "{95FCD853-9FBB-41BF-BF66-88685A0E67E4}"
EndProject
Global
	GlobalSection(SolutionConfigurationPlatforms) = preSolution
		Debug|Any CPU = Debug|Any CPU
		Release|Any CPU = Release|Any CPU
	EndGlobalSection
	GlobalSection(ProjectConfigurationPlatforms) = postSolution
		{95FCD853-9FBB-41BF-BF66-88685A0E67E4}.Debug|Any CPU.ActiveCfg = Debug|Any CPU
		{95FCD853-9FBB-41BF-BF66-88685A0E67E4}.Debug|Any CPU.Build.0 = Debug|Any CPU
		{95FCD853-9FBB-41BF-BF66-88685A0E67E4}.Release|Any CPU.ActiveCfg = Release|Any CPU
		{95FCD853-9FBB-41BF-BF66-88685A0E67E4}.Release|Any CPU.Build.0 = Release|Any CPU
	EndGlobalSection
	GlobalSection(SolutionProperties) = preSolution
		HideSolutionNode = FALSE
	EndGlobalSection
	GlobalSection(ExtensibilityGlobals) = postSolution
		SolutionGuid = {7DDEDA9C-AFDC-45A1-B392-E870A5928A0D}
	EndGlobalSection
EndGlobal
